
Microsoft Visual Studio Solution File, Format Version 12.00
# Visual Studio Version 17
VisualStudioVersion = 17.5.33424.131
MinimumVisualStudioVersion = 10.0.40219.1
Project("{9A19103F-16F7-4668-BE54-9A1E7A4F7556}") = "04.04.2023 HomeWork od vtor cas", "04.04.2023 HomeWork od vtor cas\04.04.2023 HomeWork od vtor cas.csproj", "{2F0BD7DE-E0F1-4BB9-B936-922C0BE6AA20}"
EndProject
Project("{FAE04EC0-301F-11D3-BF4B-00C04F79EFBC}") = "Homework task 2", "Homework task 2\Homework task 2.csproj", "{62639F6C-2C98-410D-BE6A-CEC4C3773331}"
EndProject
Global
	GlobalSection(SolutionConfigurationPlatforms) = preSolution
		Debug|Any CPU = Debug|Any CPU
		Release|Any CPU = Release|Any CPU
	EndGlobalSection
	GlobalSection(ProjectConfigurationPlatforms) = postSolution
		{2F0BD7DE-E0F1-4BB9-B936-922C0BE6AA20}.Debug|Any CPU.ActiveCfg = Debug|Any CPU
		{2F0BD7DE-E0F1-4BB9-B936-922C0BE6AA20}.Debug|Any CPU.Build.0 = Debug|Any CPU
		{2F0BD7DE-E0F1-4BB9-B936-922C0BE6AA20}.Release|Any CPU.ActiveCfg = Release|Any CPU
		{2F0BD7DE-E0F1-4BB9-B936-922C0BE6AA20}.Release|Any CPU.Build.0 = Release|Any CPU
		{62639F6C-2C98-410D-BE6A-CEC4C3773331}.Debug|Any CPU.ActiveCfg = Debug|Any CPU
		{62639F6C-2C98-410D-BE6A-CEC4C3773331}.Debug|Any CPU.Build.0 = Debug|Any CPU
		{62639F6C-2C98-410D-BE6A-CEC4C3773331}.Release|Any CPU.ActiveCfg = Release|Any CPU
		{62639F6C-2C98-410D-BE6A-CEC4C3773331}.Release|Any CPU.Build.0 = Release|Any CPU
	EndGlobalSection
	GlobalSection(SolutionProperties) = preSolution
		HideSolutionNode = FALSE
	EndGlobalSection
	GlobalSection(ExtensibilityGlobals) = postSolution
		SolutionGuid = {62B97C84-50D8-410E-B234-C144729DACAA}
	EndGlobalSection
EndGlobal
